// !$*UTF8*$!
{
	archiveVersion = 1;
	classes = {
	};
	objectVersion = 50;
	objects = {

/* Begin PBXBuildFile section */
		C0F2D4F9238A859A0092BA1D /* AppDelegate.swift in Sources */ = {isa = PBXBuildFile; fileRef = C0F2D4F8238A859A0092BA1D /* AppDelegate.swift */; };
		C0F2D4FB238A859A0092BA1D /* ViewController.swift in Sources */ = {isa = PBXBuildFile; fileRef = C0F2D4FA238A859A0092BA1D /* ViewController.swift */; };
		C0F2D4FE238A859A0092BA1D /* Main.storyboard in Resources */ = {isa = PBXBuildFile; fileRef = C0F2D4FC238A859A0092BA1D /* Main.storyboard */; };
		C0F2D500238A859D0092BA1D /* Assets.xcassets in Resources */ = {isa = PBXBuildFile; fileRef = C0F2D4FF238A859D0092BA1D /* Assets.xcassets */; };
		C0F2D503238A859D0092BA1D /* LaunchScreen.storyboard in Resources */ = {isa = PBXBuildFile; fileRef = C0F2D501238A859D0092BA1D /* LaunchScreen.storyboard */; };
		C0F2D50E238A859D0092BA1D /* AssistedHomeTests.swift in Sources */ = {isa = PBXBuildFile; fileRef = C0F2D50D238A859D0092BA1D /* AssistedHomeTests.swift */; };
		C0F2D519238A87810092BA1D /* StartViewController.swift in Sources */ = {isa = PBXBuildFile; fileRef = C0F2D518238A87810092BA1D /* StartViewController.swift */; };
		C0F2D51B238A87930092BA1D /* LoginViewController.swift in Sources */ = {isa = PBXBuildFile; fileRef = C0F2D51A238A87930092BA1D /* LoginViewController.swift */; };
		C0F2D51D238A87A20092BA1D /* SignUpViewController.swift in Sources */ = {isa = PBXBuildFile; fileRef = C0F2D51C238A87A20092BA1D /* SignUpViewController.swift */; };
		C0F2D51F238A87AF0092BA1D /* HomeViewController.swift in Sources */ = {isa = PBXBuildFile; fileRef = C0F2D51E238A87AF0092BA1D /* HomeViewController.swift */; };
		C0F2D521238A8B130092BA1D /* GoogleService-Info.plist in Resources */ = {isa = PBXBuildFile; fileRef = C0F2D520238A8B130092BA1D /* GoogleService-Info.plist */; };
		C0F2D522238A8B130092BA1D /* GoogleService-Info.plist in Resources */ = {isa = PBXBuildFile; fileRef = C0F2D520238A8B130092BA1D /* GoogleService-Info.plist */; };
		CC59AE00277442C17BDA4DBA /* Pods_AssistedHomeTests.framework in Frameworks */ = {isa = PBXBuildFile; fileRef = 376A4DAB963CD905A3051892 /* Pods_AssistedHomeTests.framework */; };
		D777B087CD94A1CDFD5C5399 /* Pods_AssistedHome.framework in Frameworks */ = {isa = PBXBuildFile; fileRef = 02C2B43DFA021EF7A958EF42 /* Pods_AssistedHome.framework */; };
/* End PBXBuildFile section */

/* Begin PBXContainerItemProxy section */
		C0F2D50A238A859D0092BA1D /* PBXContainerItemProxy */ = {
			isa = PBXContainerItemProxy;
			containerPortal = C0F2D4ED238A859A0092BA1D /* Project object */;
			proxyType = 1;
			remoteGlobalIDString = C0F2D4F4238A859A0092BA1D;
			remoteInfo = AssistedHome;
		};
/* End PBXContainerItemProxy section */

/* Begin PBXFileReference section */
		02C2B43DFA021EF7A958EF42 /* Pods_AssistedHome.framework */ = {isa = PBXFileReference; explicitFileType = wrapper.framework; includeInIndex = 0; path = Pods_AssistedHome.framework; sourceTree = BUILT_PRODUCTS_DIR; };
		06929789F60F8F7BE6DF2774 /* Pods-AssistedHome.debug.xcconfig */ = {isa = PBXFileReference; includeInIndex = 1; lastKnownFileType = text.xcconfig; name = "Pods-AssistedHome.debug.xcconfig"; path = "Target Support Files/Pods-AssistedHome/Pods-AssistedHome.debug.xcconfig"; sourceTree = "<group>"; };
		2674F049323A5910A4861333 /* Pods-AssistedHomeTests.release.xcconfig */ = {isa = PBXFileReference; includeInIndex = 1; lastKnownFileType = text.xcconfig; name = "Pods-AssistedHomeTests.release.xcconfig"; path = "Target Support Files/Pods-AssistedHomeTests/Pods-AssistedHomeTests.release.xcconfig"; sourceTree = "<group>"; };
		376A4DAB963CD905A3051892 /* Pods_AssistedHomeTests.framework */ = {isa = PBXFileReference; explicitFileType = wrapper.framework; includeInIndex = 0; path = Pods_AssistedHomeTests.framework; sourceTree = BUILT_PRODUCTS_DIR; };
		A5C1D93124F4C7AB85DDA78F /* Pods-AssistedHome.release.xcconfig */ = {isa = PBXFileReference; includeInIndex = 1; lastKnownFileType = text.xcconfig; name = "Pods-AssistedHome.release.xcconfig"; path = "Target Support Files/Pods-AssistedHome/Pods-AssistedHome.release.xcconfig"; sourceTree = "<group>"; };
		BC5E647BC12E996210E1BC1B /* Pods-AssistedHomeTests.debug.xcconfig */ = {isa = PBXFileReference; includeInIndex = 1; lastKnownFileType = text.xcconfig; name = "Pods-AssistedHomeTests.debug.xcconfig"; path = "Target Support Files/Pods-AssistedHomeTests/Pods-AssistedHomeTests.debug.xcconfig"; sourceTree = "<group>"; };
		C0F2D4F5238A859A0092BA1D /* AssistedHome.app */ = {isa = PBXFileReference; explicitFileType = wrapper.application; includeInIndex = 0; path = AssistedHome.app; sourceTree = BUILT_PRODUCTS_DIR; };
		C0F2D4F8238A859A0092BA1D /* AppDelegate.swift */ = {isa = PBXFileReference; lastKnownFileType = sourcecode.swift; path = AppDelegate.swift; sourceTree = "<group>"; };
		C0F2D4FA238A859A0092BA1D /* ViewController.swift */ = {isa = PBXFileReference; lastKnownFileType = sourcecode.swift; path = ViewController.swift; sourceTree = "<group>"; };
		C0F2D4FD238A859A0092BA1D /* Base */ = {isa = PBXFileReference; lastKnownFileType = file.storyboard; name = Base; path = Base.lproj/Main.storyboard; sourceTree = "<group>"; };
		C0F2D4FF238A859D0092BA1D /* Assets.xcassets */ = {isa = PBXFileReference; lastKnownFileType = folder.assetcatalog; path = Assets.xcassets; sourceTree = "<group>"; };
		C0F2D502238A859D0092BA1D /* Base */ = {isa = PBXFileReference; lastKnownFileType = file.storyboard; name = Base; path = Base.lproj/LaunchScreen.storyboard; sourceTree = "<group>"; };
		C0F2D504238A859D0092BA1D /* Info.plist */ = {isa = PBXFileReference; lastKnownFileType = text.plist.xml; path = Info.plist; sourceTree = "<group>"; };
		C0F2D509238A859D0092BA1D /* AssistedHomeTests.xctest */ = {isa = PBXFileReference; explicitFileType = wrapper.cfbundle; includeInIndex = 0; path = AssistedHomeTests.xctest; sourceTree = BUILT_PRODUCTS_DIR; };
		C0F2D50D238A859D0092BA1D /* AssistedHomeTests.swift */ = {isa = PBXFileReference; lastKnownFileType = sourcecode.swift; path = AssistedHomeTests.swift; sourceTree = "<group>"; };
		C0F2D50F238A859D0092BA1D /* Info.plist */ = {isa = PBXFileReference; lastKnownFileType = text.plist.xml; path = Info.plist; sourceTree = "<group>"; };
		C0F2D518238A87810092BA1D /* StartViewController.swift */ = {isa = PBXFileReference; lastKnownFileType = sourcecode.swift; path = StartViewController.swift; sourceTree = "<group>"; };
		C0F2D51A238A87930092BA1D /* LoginViewController.swift */ = {isa = PBXFileReference; lastKnownFileType = sourcecode.swift; path = LoginViewController.swift; sourceTree = "<group>"; };
		C0F2D51C238A87A20092BA1D /* SignUpViewController.swift */ = {isa = PBXFileReference; lastKnownFileType = sourcecode.swift; path = SignUpViewController.swift; sourceTree = "<group>"; };
		C0F2D51E238A87AF0092BA1D /* HomeViewController.swift */ = {isa = PBXFileReference; lastKnownFileType = sourcecode.swift; path = HomeViewController.swift; sourceTree = "<group>"; };
		C0F2D520238A8B130092BA1D /* GoogleService-Info.plist */ = {isa = PBXFileReference; fileEncoding = 4; lastKnownFileType = text.plist.xml; path = "GoogleService-Info.plist"; sourceTree = "<group>"; };
/* End PBXFileReference section */

/* Begin PBXFrameworksBuildPhase section */
		C0F2D4F2238A859A0092BA1D /* Frameworks */ = {
			isa = PBXFrameworksBuildPhase;
			buildActionMask = 2147483647;
			files = (
				D777B087CD94A1CDFD5C5399 /* Pods_AssistedHome.framework in Frameworks */,
			);
			runOnlyForDeploymentPostprocessing = 0;
		};
		C0F2D506238A859D0092BA1D /* Frameworks */ = {
			isa = PBXFrameworksBuildPhase;
			buildActionMask = 2147483647;
			files = (
				CC59AE00277442C17BDA4DBA /* Pods_AssistedHomeTests.framework in Frameworks */,
			);
			runOnlyForDeploymentPostprocessing = 0;
		};
/* End PBXFrameworksBuildPhase section */

/* Begin PBXGroup section */
		019D42DDF2E0A3498DA54287 /* Pods */ = {
			isa = PBXGroup;
			children = (
				06929789F60F8F7BE6DF2774 /* Pods-AssistedHome.debug.xcconfig */,
				A5C1D93124F4C7AB85DDA78F /* Pods-AssistedHome.release.xcconfig */,
				BC5E647BC12E996210E1BC1B /* Pods-AssistedHomeTests.debug.xcconfig */,
				2674F049323A5910A4861333 /* Pods-AssistedHomeTests.release.xcconfig */,
			);
			name = Pods;
			path = Pods;
			sourceTree = "<group>";
		};
		0670CF1DBEF69F8E140DC1F3 /* Frameworks */ = {
			isa = PBXGroup;
			children = (
				02C2B43DFA021EF7A958EF42 /* Pods_AssistedHome.framework */,
				376A4DAB963CD905A3051892 /* Pods_AssistedHomeTests.framework */,
			);
			name = Frameworks;
			sourceTree = "<group>";
		};
		C0F2D4EC238A859A0092BA1D = {
			isa = PBXGroup;
			children = (
				C0F2D4F7238A859A0092BA1D /* AssistedHome */,
				C0F2D50C238A859D0092BA1D /* AssistedHomeTests */,
				C0F2D4F6238A859A0092BA1D /* Products */,
				019D42DDF2E0A3498DA54287 /* Pods */,
				0670CF1DBEF69F8E140DC1F3 /* Frameworks */,
			);
			sourceTree = "<group>";
		};
		C0F2D4F6238A859A0092BA1D /* Products */ = {
			isa = PBXGroup;
			children = (
				C0F2D4F5238A859A0092BA1D /* AssistedHome.app */,
				C0F2D509238A859D0092BA1D /* AssistedHomeTests.xctest */,
			);
			name = Products;
			sourceTree = "<group>";
		};
		C0F2D4F7238A859A0092BA1D /* AssistedHome */ = {
			isa = PBXGroup;
			children = (
				C0F2D520238A8B130092BA1D /* GoogleService-Info.plist */,
				C0F2D4F8238A859A0092BA1D /* AppDelegate.swift */,
				C0F2D4FA238A859A0092BA1D /* ViewController.swift */,
				C0F2D4FC238A859A0092BA1D /* Main.storyboard */,
				C0F2D4FF238A859D0092BA1D /* Assets.xcassets */,
				C0F2D501238A859D0092BA1D /* LaunchScreen.storyboard */,
				C0F2D504238A859D0092BA1D /* Info.plist */,
				C0F2D518238A87810092BA1D /* StartViewController.swift */,
				C0F2D51A238A87930092BA1D /* LoginViewController.swift */,
				C0F2D51C238A87A20092BA1D /* SignUpViewController.swift */,
				C0F2D51E238A87AF0092BA1D /* HomeViewController.swift */,
			);
			path = AssistedHome;
			sourceTree = "<group>";
		};
		C0F2D50C238A859D0092BA1D /* AssistedHomeTests */ = {
			isa = PBXGroup;
			children = (
				C0F2D50D238A859D0092BA1D /* AssistedHomeTests.swift */,
				C0F2D50F238A859D0092BA1D /* Info.plist */,
			);
			path = AssistedHomeTests;
			sourceTree = "<group>";
		};
/* End PBXGroup section */

/* Begin PBXNativeTarget section */
		C0F2D4F4238A859A0092BA1D /* AssistedHome */ = {
			isa = PBXNativeTarget;
			buildConfigurationList = C0F2D512238A859D0092BA1D /* Build configuration list for PBXNativeTarget "AssistedHome" */;
			buildPhases = (
				5349D0F0C679D23C94D5631D /* [CP] Check Pods Manifest.lock */,
				C0F2D4F1238A859A0092BA1D /* Sources */,
				C0F2D4F2238A859A0092BA1D /* Frameworks */,
				C0F2D4F3238A859A0092BA1D /* Resources */,
				CF25420BC4B4FA2AD219CCBC /* [CP] Embed Pods Frameworks */,
			);
			buildRules = (
			);
			dependencies = (
			);
			name = AssistedHome;
			productName = AssistedHome;
			productReference = C0F2D4F5238A859A0092BA1D /* AssistedHome.app */;
			productType = "com.apple.product-type.application";
		};
		C0F2D508238A859D0092BA1D /* AssistedHomeTests */ = {
			isa = PBXNativeTarget;
			buildConfigurationList = C0F2D515238A859D0092BA1D /* Build configuration list for PBXNativeTarget "AssistedHomeTests" */;
			buildPhases = (
				2B10481B9483FAFE563AC249 /* [CP] Check Pods Manifest.lock */,
				C0F2D505238A859D0092BA1D /* Sources */,
				C0F2D506238A859D0092BA1D /* Frameworks */,
				C0F2D507238A859D0092BA1D /* Resources */,
			);
			buildRules = (
			);
			dependencies = (
				C0F2D50B238A859D0092BA1D /* PBXTargetDependency */,
			);
			name = AssistedHomeTests;
			productName = AssistedHomeTests;
			productReference = C0F2D509238A859D0092BA1D /* AssistedHomeTests.xctest */;
			productType = "com.apple.product-type.bundle.unit-test";
		};
/* End PBXNativeTarget section */

/* Begin PBXProject section */
		C0F2D4ED238A859A0092BA1D /* Project object */ = {
			isa = PBXProject;
			attributes = {
				LastSwiftUpdateCheck = 1010;
				LastUpgradeCheck = 1010;
				ORGANIZATIONNAME = "Joshua Knight";
				TargetAttributes = {
					C0F2D4F4238A859A0092BA1D = {
						CreatedOnToolsVersion = 10.1;
					};
					C0F2D508238A859D0092BA1D = {
						CreatedOnToolsVersion = 10.1;
						TestTargetID = C0F2D4F4238A859A0092BA1D;
					};
				};
			};
			buildConfigurationList = C0F2D4F0238A859A0092BA1D /* Build configuration list for PBXProject "AssistedHome" */;
			compatibilityVersion = "Xcode 9.3";
			developmentRegion = en;
			hasScannedForEncodings = 0;
			knownRegions = (
				en,
				Base,
			);
			mainGroup = C0F2D4EC238A859A0092BA1D;
			productRefGroup = C0F2D4F6238A859A0092BA1D /* Products */;
			projectDirPath = "";
			projectRoot = "";
			targets = (
				C0F2D4F4238A859A0092BA1D /* AssistedHome */,
				C0F2D508238A859D0092BA1D /* AssistedHomeTests */,
			);
		};
/* End PBXProject section */

/* Begin PBXResourcesBuildPhase section */
		C0F2D4F3238A859A0092BA1D /* Resources */ = {
			isa = PBXResourcesBuildPhase;
			buildActionMask = 2147483647;
			files = (
				C0F2D503238A859D0092BA1D /* LaunchScreen.storyboard in Resources */,
				C0F2D521238A8B130092BA1D /* GoogleService-Info.plist in Resources */,
				C0F2D500238A859D0092BA1D /* Assets.xcassets in Resources */,
				C0F2D4FE238A859A0092BA1D /* Main.storyboard in Resources */,
			);
			runOnlyForDeploymentPostprocessing = 0;
		};
		C0F2D507238A859D0092BA1D /* Resources */ = {
			isa = PBXResourcesBuildPhase;
			buildActionMask = 2147483647;
			files = (
				C0F2D522238A8B130092BA1D /* GoogleService-Info.plist in Resources */,
			);
			runOnlyForDeploymentPostprocessing = 0;
		};
/* End PBXResourcesBuildPhase section */

/* Begin PBXShellScriptBuildPhase section */
		2B10481B9483FAFE563AC249 /* [CP] Check Pods Manifest.lock */ = {
			isa = PBXShellScriptBuildPhase;
			buildActionMask = 2147483647;
			files = (
			);
			inputFileListPaths = (
			);
			inputPaths = (
				"${PODS_PODFILE_DIR_PATH}/Podfile.lock",
				"${PODS_ROOT}/Manifest.lock",
			);
			name = "[CP] Check Pods Manifest.lock";
			outputFileListPaths = (
			);
			outputPaths = (
				"$(DERIVED_FILE_DIR)/Pods-AssistedHomeTests-checkManifestLockResult.txt",
			);
			runOnlyForDeploymentPostprocessing = 0;
			shellPath = /bin/sh;
			shellScript = "diff \"${PODS_PODFILE_DIR_PATH}/Podfile.lock\" \"${PODS_ROOT}/Manifest.lock\" > /dev/null\nif [ $? != 0 ] ; then\n    # print error to STDERR\n    echo \"error: The sandbox is not in sync with the Podfile.lock. Run 'pod install' or update your CocoaPods installation.\" >&2\n    exit 1\nfi\n# This output is used by Xcode 'outputs' to avoid re-running this script phase.\necho \"SUCCESS\" > \"${SCRIPT_OUTPUT_FILE_0}\"\n";
			showEnvVarsInLog = 0;
		};
		5349D0F0C679D23C94D5631D /* [CP] Check Pods Manifest.lock */ = {
			isa = PBXShellScriptBuildPhase;
			buildActionMask = 2147483647;
			files = (
			);
			inputFileListPaths = (
			);
			inputPaths = (
				"${PODS_PODFILE_DIR_PATH}/Podfile.lock",
				"${PODS_ROOT}/Manifest.lock",
			);
			name = "[CP] Check Pods Manifest.lock";
			outputFileListPaths = (
			);
			outputPaths = (
				"$(DERIVED_FILE_DIR)/Pods-AssistedHome-checkManifestLockResult.txt",
			);
			runOnlyForDeploymentPostprocessing = 0;
			shellPath = /bin/sh;
			shellScript = "diff \"${PODS_PODFILE_DIR_PATH}/Podfile.lock\" \"${PODS_ROOT}/Manifest.lock\" > /dev/null\nif [ $? != 0 ] ; then\n    # print error to STDERR\n    echo \"error: The sandbox is not in sync with the Podfile.lock. Run 'pod install' or update your CocoaPods installation.\" >&2\n    exit 1\nfi\n# This output is used by Xcode 'outputs' to avoid re-running this script phase.\necho \"SUCCESS\" > \"${SCRIPT_OUTPUT_FILE_0}\"\n";
			showEnvVarsInLog = 0;
		};
		CF25420BC4B4FA2AD219CCBC /* [CP] Embed Pods Frameworks */ = {
			isa = PBXShellScriptBuildPhase;
			buildActionMask = 2147483647;
			files = (
			);
			inputFileListPaths = (
			);
			inputPaths = (
				"${PODS_ROOT}/Target Support Files/Pods-AssistedHome/Pods-AssistedHome-frameworks.sh",
				"${BUILT_PRODUCTS_DIR}/GoogleUtilities/GoogleUtilities.framework",
				"${BUILT_PRODUCTS_DIR}/nanopb/nanopb.framework",
			);
			name = "[CP] Embed Pods Frameworks";
			outputFileListPaths = (
			);
			outputPaths = (
				"${TARGET_BUILD_DIR}/${FRAMEWORKS_FOLDER_PATH}/GoogleUtilities.framework",
				"${TARGET_BUILD_DIR}/${FRAMEWORKS_FOLDER_PATH}/nanopb.framework",
			);
			runOnlyForDeploymentPostprocessing = 0;
			shellPath = /bin/sh;
			shellScript = "\"${PODS_ROOT}/Target Support Files/Pods-AssistedHome/Pods-AssistedHome-frameworks.sh\"\n";
			showEnvVarsInLog = 0;
		};
/* End PBXShellScriptBuildPhase section */

/* Begin PBXSourcesBuildPhase section */
		C0F2D4F1238A859A0092BA1D /* Sources */ = {
			isa = PBXSourcesBuildPhase;
			buildActionMask = 2147483647;
			files = (
				C0F2D51B238A87930092BA1D /* LoginViewController.swift in Sources */,
				C0F2D4FB238A859A0092BA1D /* ViewController.swift in Sources */,
				C0F2D4F9238A859A0092BA1D /* AppDelegate.swift in Sources */,
				C0F2D519238A87810092BA1D /* StartViewController.swift in Sources */,
				C0F2D51D238A87A20092BA1D /* SignUpViewController.swift in Sources */,
				C0F2D51F238A87AF0092BA1D /* HomeViewController.swift in Sources */,
			);
			runOnlyForDeploymentPostprocessing = 0;
		};
		C0F2D505238A859D0092BA1D /* Sources */ = {
			isa = PBXSourcesBuildPhase;
			buildActionMask = 2147483647;
			files = (
				C0F2D50E238A859D0092BA1D /* AssistedHomeTests.swift in Sources */,
			);
			runOnlyForDeploymentPostprocessing = 0;
		};
/* End PBXSourcesBuildPhase section */

/* Begin PBXTargetDependency section */
		C0F2D50B238A859D0092BA1D /* PBXTargetDependency */ = {
			isa = PBXTargetDependency;
			target = C0F2D4F4238A859A0092BA1D /* AssistedHome */;
			targetProxy = C0F2D50A238A859D0092BA1D /* PBXContainerItemProxy */;
		};
/* End PBXTargetDependency section */

/* Begin PBXVariantGroup section */
		C0F2D4FC238A859A0092BA1D /* Main.storyboard */ = {
			isa = PBXVariantGroup;
			children = (
				C0F2D4FD238A859A0092BA1D /* Base */,
			);
			name = Main.storyboard;
			sourceTree = "<group>";
		};
		C0F2D501238A859D0092BA1D /* LaunchScreen.storyboard */ = {
			isa = PBXVariantGroup;
			children = (
				C0F2D502238A859D0092BA1D /* Base */,
			);
			name = LaunchScreen.storyboard;
			sourceTree = "<group>";
		};
/* End PBXVariantGroup section */

/* Begin XCBuildConfiguration section */
		C0F2D510238A859D0092BA1D /* Debug */ = {
			isa = XCBuildConfiguration;
			buildSettings = {
				ALWAYS_SEARCH_USER_PATHS = NO;
				CLANG_ANALYZER_NONNULL = YES;
				CLANG_ANALYZER_NUMBER_OBJECT_CONVERSION = YES_AGGRESSIVE;
				CLANG_CXX_LANGUAGE_STANDARD = "gnu++14";
				CLANG_CXX_LIBRARY = "libc++";
				CLANG_ENABLE_MODULES = YES;
				CLANG_ENABLE_OBJC_ARC = YES;
				CLANG_ENABLE_OBJC_WEAK = YES;
				CLANG_WARN_BLOCK_CAPTURE_AUTORELEASING = YES;
				CLANG_WARN_BOOL_CONVERSION = YES;
				CLANG_WARN_COMMA = YES;
				CLANG_WARN_CONSTANT_CONVERSION = YES;
				CLANG_WARN_DEPRECATED_OBJC_IMPLEMENTATIONS = YES;
				CLANG_WARN_DIRECT_OBJC_ISA_USAGE = YES_ERROR;
				CLANG_WARN_DOCUMENTATION_COMMENTS = YES;
				CLANG_WARN_EMPTY_BODY = YES;
				CLANG_WARN_ENUM_CONVERSION = YES;
				CLANG_WARN_INFINITE_RECURSION = YES;
				CLANG_WARN_INT_CONVERSION = YES;
				CLANG_WARN_NON_LITERAL_NULL_CONVERSION = YES;
				CLANG_WARN_OBJC_IMPLICIT_RETAIN_SELF = YES;
				CLANG_WARN_OBJC_LITERAL_CONVERSION = YES;
				CLANG_WARN_OBJC_ROOT_CLASS = YES_ERROR;
				CLANG_WARN_RANGE_LOOP_ANALYSIS = YES;
				CLANG_WARN_STRICT_PROTOTYPES = YES;
				CLANG_WARN_SUSPICIOUS_MOVE = YES;
				CLANG_WARN_UNGUARDED_AVAILABILITY = YES_AGGRESSIVE;
				CLANG_WARN_UNREACHABLE_CODE = YES;
				CLANG_WARN__DUPLICATE_METHOD_MATCH = YES;
				CODE_SIGN_IDENTITY = "iPhone Developer";
				COPY_PHASE_STRIP = NO;
				DEBUG_INFORMATION_FORMAT = dwarf;
				ENABLE_STRICT_OBJC_MSGSEND = YES;
				ENABLE_TESTABILITY = YES;
				GCC_C_LANGUAGE_STANDARD = gnu11;
				GCC_DYNAMIC_NO_PIC = NO;
				GCC_NO_COMMON_BLOCKS = YES;
				GCC_OPTIMIZATION_LEVEL = 0;
				GCC_PREPROCESSOR_DEFINITIONS = (
					"DEBUG=1",
					"$(inherited)",
				);
				GCC_WARN_64_TO_32_BIT_CONVERSION = YES;
				GCC_WARN_ABOUT_RETURN_TYPE = YES_ERROR;
				GCC_WARN_UNDECLARED_SELECTOR = YES;
				GCC_WARN_UNINITIALIZED_AUTOS = YES_AGGRESSIVE;
				GCC_WARN_UNUSED_FUNCTION = YES;
				GCC_WARN_UNUSED_VARIABLE = YES;
				IPHONEOS_DEPLOYMENT_TARGET = 12.1;
				MTL_ENABLE_DEBUG_INFO = INCLUDE_SOURCE;
				MTL_FAST_MATH = YES;
				ONLY_ACTIVE_ARCH = YES;
				SDKROOT = iphoneos;
				SWIFT_ACTIVE_COMPILATION_CONDITIONS = DEBUG;
				SWIFT_OPTIMIZATION_LEVEL = "-Onone";
			};
			name = Debug;
		};
		C0F2D511238A859D0092BA1D /* Release */ = {
			isa = XCBuildConfiguration;
			buildSettings = {
				ALWAYS_SEARCH_USER_PATHS = NO;
				CLANG_ANALYZER_NONNULL = YES;
				CLANG_ANALYZER_NUMBER_OBJECT_CONVERSION = YES_AGGRESSIVE;
				CLANG_CXX_LANGUAGE_STANDARD = "gnu++14";
				CLANG_CXX_LIBRARY = "libc++";
				CLANG_ENABLE_MODULES = YES;
				CLANG_ENABLE_OBJC_ARC = YES;
				CLANG_ENABLE_OBJC_WEAK = YES;
				CLANG_WARN_BLOCK_CAPTURE_AUTORELEASING = YES;
				CLANG_WARN_BOOL_CONVERSION = YES;
				CLANG_WARN_COMMA = YES;
				CLANG_WARN_CONSTANT_CONVERSION = YES;
				CLANG_WARN_DEPRECATED_OBJC_IMPLEMENTATIONS = YES;
				CLANG_WARN_DIRECT_OBJC_ISA_USAGE = YES_ERROR;
				CLANG_WARN_DOCUMENTATION_COMMENTS = YES;
				CLANG_WARN_EMPTY_BODY = YES;
				CLANG_WARN_ENUM_CONVERSION = YES;
				CLANG_WARN_INFINITE_RECURSION = YES;
				CLANG_WARN_INT_CONVERSION = YES;
				CLANG_WARN_NON_LITERAL_NULL_CONVERSION = YES;
				CLANG_WARN_OBJC_IMPLICIT_RETAIN_SELF = YES;
				CLANG_WARN_OBJC_LITERAL_CONVERSION = YES;
				CLANG_WARN_OBJC_ROOT_CLASS = YES_ERROR;
				CLANG_WARN_RANGE_LOOP_ANALYSIS = YES;
				CLANG_WARN_STRICT_PROTOTYPES = YES;
				CLANG_WARN_SUSPICIOUS_MOVE = YES;
				CLANG_WARN_UNGUARDED_AVAILABILITY = YES_AGGRESSIVE;
				CLANG_WARN_UNREACHABLE_CODE = YES;
				CLANG_WARN__DUPLICATE_METHOD_MATCH = YES;
				CODE_SIGN_IDENTITY = "iPhone Developer";
				COPY_PHASE_STRIP = NO;
				DEBUG_INFORMATION_FORMAT = "dwarf-with-dsym";
				ENABLE_NS_ASSERTIONS = NO;
				ENABLE_STRICT_OBJC_MSGSEND = YES;
				GCC_C_LANGUAGE_STANDARD = gnu11;
				GCC_NO_COMMON_BLOCKS = YES;
				GCC_WARN_64_TO_32_BIT_CONVERSION = YES;
				GCC_WARN_ABOUT_RETURN_TYPE = YES_ERROR;
				GCC_WARN_UNDECLARED_SELECTOR = YES;
				GCC_WARN_UNINITIALIZED_AUTOS = YES_AGGRESSIVE;
				GCC_WARN_UNUSED_FUNCTION = YES;
				GCC_WARN_UNUSED_VARIABLE = YES;
				IPHONEOS_DEPLOYMENT_TARGET = 12.1;
				MTL_ENABLE_DEBUG_INFO = NO;
				MTL_FAST_MATH = YES;
				SDKROOT = iphoneos;
				SWIFT_COMPILATION_MODE = wholemodule;
				SWIFT_OPTIMIZATION_LEVEL = "-O";
				VALIDATE_PRODUCT = YES;
			};
			name = Release;
		};
		C0F2D513238A859D0092BA1D /* Debug */ = {
			isa = XCBuildConfiguration;
			baseConfigurationReference = 06929789F60F8F7BE6DF2774 /* Pods-AssistedHome.debug.xcconfig */;
			buildSettings = {
				ASSETCATALOG_COMPILER_APPICON_NAME = AppIcon;
				CODE_SIGN_STYLE = Automatic;
				INFOPLIST_FILE = AssistedHome/Info.plist;
				LD_RUNPATH_SEARCH_PATHS = (
					"$(inherited)",
					"@executable_path/Frameworks",
				);
				PRODUCT_BUNDLE_IDENTIFIER = com.knightlabs.AssistedHome;
				PRODUCT_NAME = "$(TARGET_NAME)";
				SWIFT_VERSION = 4.2;
				TARGETED_DEVICE_FAMILY = "1,2";
			};
			name = Debug;
		};
		C0F2D514238A859D0092BA1D /* Release */ = {
			isa = XCBuildConfiguration;
			baseConfigurationReference = A5C1D93124F4C7AB85DDA78F /* Pods-AssistedHome.release.xcconfig */;
			buildSettings = {
				ASSETCATALOG_COMPILER_APPICON_NAME = AppIcon;
				CODE_SIGN_STYLE = Automatic;
				INFOPLIST_FILE = AssistedHome/Info.plist;
				LD_RUNPATH_SEARCH_PATHS = (
					"$(inherited)",
					"@executable_path/Frameworks",
				);
				PRODUCT_BUNDLE_IDENTIFIER = com.knightlabs.AssistedHome;
				PRODUCT_NAME = "$(TARGET_NAME)";
				SWIFT_VERSION = 4.2;
				TARGETED_DEVICE_FAMILY = "1,2";
			};
			name = Release;
		};
		C0F2D516238A859D0092BA1D /* Debug */ = {
			isa = XCBuildConfiguration;
			baseConfigurationReference = BC5E647BC12E996210E1BC1B /* Pods-AssistedHomeTests.debug.xcconfig */;
			buildSettings = {
				ALWAYS_EMBED_SWIFT_STANDARD_LIBRARIES = YES;
				BUNDLE_LOADER = "$(TEST_HOST)";
				CODE_SIGN_STYLE = Automatic;
				INFOPLIST_FILE = AssistedHomeTests/Info.plist;
				LD_RUNPATH_SEARCH_PATHS = (
					"$(inherited)",
					"@executable_path/Frameworks",
					"@loader_path/Frameworks",
				);
				PRODUCT_BUNDLE_IDENTIFIER = com.knightlabs.AssistedHomeTests;
				PRODUCT_NAME = "$(TARGET_NAME)";
				SWIFT_VERSION = 4.2;
				TARGETED_DEVICE_FAMILY = "1,2";
				TEST_HOST = "$(BUILT_PRODUCTS_DIR)/AssistedHome.app/AssistedHome";
			};
			name = Debug;
		};
		C0F2D517238A859D0092BA1D /* Release */ = {
			isa = XCBuildConfiguration;
			baseConfigurationReference = 2674F049323A5910A4861333 /* Pods-AssistedHomeTests.release.xcconfig */;
			buildSettings = {
				ALWAYS_EMBED_SWIFT_STANDARD_LIBRARIES = YES;
				BUNDLE_LOADER = "$(TEST_HOST)";
				CODE_SIGN_STYLE = Automatic;
				INFOPLIST_FILE = AssistedHomeTests/Info.plist;
				LD_RUNPATH_SEARCH_PATHS = (
					"$(inherited)",
					"@executable_path/Frameworks",
					"@loader_path/Frameworks",
				);
				PRODUCT_BUNDLE_IDENTIFIER = com.knightlabs.AssistedHomeTests;
				PRODUCT_NAME = "$(TARGET_NAME)";
				SWIFT_VERSION = 4.2;
				TARGETED_DEVICE_FAMILY = "1,2";
				TEST_HOST = "$(BUILT_PRODUCTS_DIR)/AssistedHome.app/AssistedHome";
			};
			name = Release;
		};
/* End XCBuildConfiguration section */

/* Begin XCConfigurationList section */
		C0F2D4F0238A859A0092BA1D /* Build configuration list for PBXProject "AssistedHome" */ = {
			isa = XCConfigurationList;
			buildConfigurations = (
				C0F2D510238A859D0092BA1D /* Debug */,
				C0F2D511238A859D0092BA1D /* Release */,
			);
			defaultConfigurationIsVisible = 0;
			defaultConfigurationName = Release;
		};
		C0F2D512238A859D0092BA1D /* Build configuration list for PBXNativeTarget "AssistedHome" */ = {
			isa = XCConfigurationList;
			buildConfigurations = (
				C0F2D513238A859D0092BA1D /* Debug */,
				C0F2D514238A859D0092BA1D /* Release */,
			);
			defaultConfigurationIsVisible = 0;
			defaultConfigurationName = Release;
		};
		C0F2D515238A859D0092BA1D /* Build configuration list for PBXNativeTarget "AssistedHomeTests" */ = {
			isa = XCConfigurationList;
			buildConfigurations = (
				C0F2D516238A859D0092BA1D /* Debug */,
				C0F2D517238A859D0092BA1D /* Release */,
			);
			defaultConfigurationIsVisible = 0;
			defaultConfigurationName = Release;
		};
/* End XCConfigurationList section */
	};
	rootObject = C0F2D4ED238A859A0092BA1D /* Project object */;
}
